
Microsoft Visual Studio Solution File, Format Version 12.00
# Visual Studio 2012
Project("{FAE04EC0-301F-11D3-BF4B-00C04F79EFBC}") = "CustomSliderColor.iOS", "CustomSliderColor.iOS\CustomSliderColor.iOS.csproj", "{2BB3D8D8-B9A6-4138-A05E-B4ACEB419181}"
EndProject
Project("{FAE04EC0-301F-11D3-BF4B-00C04F79EFBC}") = "CustomSliderColor.Droid", "CustomSliderColor.Droid\CustomSliderColor.Droid.csproj", "{44CF6D27-E6AD-4E06-A249-5680FC548090}"
EndProject
Project("{FAE04EC0-301F-11D3-BF4B-00C04F79EFBC}") = "CustomSliderColor", "CustomSliderColor\CustomSliderColor.csproj", "{1D54C95B-9873-484E-B558-4100F9234FA9}"
EndProject
Global
	GlobalSection(SolutionConfigurationPlatforms) = preSolution
		Debug|iPhoneSimulator = Debug|iPhoneSimulator
		Release|iPhone = Release|iPhone
		Release|iPhoneSimulator = Release|iPhoneSimulator
		Debug|iPhone = Debug|iPhone
		Debug|Any CPU = Debug|Any CPU
		Release|Any CPU = Release|Any CPU
	EndGlobalSection
	GlobalSection(ProjectConfigurationPlatforms) = postSolution
		{2BB3D8D8-B9A6-4138-A05E-B4ACEB419181}.Debug|iPhoneSimulator.ActiveCfg = Debug|iPhoneSimulator
		{2BB3D8D8-B9A6-4138-A05E-B4ACEB419181}.Debug|iPhoneSimulator.Build.0 = Debug|iPhoneSimulator
		{2BB3D8D8-B9A6-4138-A05E-B4ACEB419181}.Release|iPhone.ActiveCfg = Release|iPhone
		{2BB3D8D8-B9A6-4138-A05E-B4ACEB419181}.Release|iPhone.Build.0 = Release|iPhone
		{2BB3D8D8-B9A6-4138-A05E-B4ACEB419181}.Release|iPhoneSimulator.ActiveCfg = Release|iPhoneSimulator
		{2BB3D8D8-B9A6-4138-A05E-B4ACEB419181}.Release|iPhoneSimulator.Build.0 = Release|iPhoneSimulator
		{2BB3D8D8-B9A6-4138-A05E-B4ACEB419181}.Debug|iPhone.ActiveCfg = Debug|iPhone
		{2BB3D8D8-B9A6-4138-A05E-B4ACEB419181}.Debug|iPhone.Build.0 = Debug|iPhone
		{2BB3D8D8-B9A6-4138-A05E-B4ACEB419181}.Debug|Any CPU.ActiveCfg = Debug|iPhoneSimulator
		{2BB3D8D8-B9A6-4138-A05E-B4ACEB419181}.Debug|Any CPU.Build.0 = Debug|iPhoneSimulator
		{2BB3D8D8-B9A6-4138-A05E-B4ACEB419181}.Release|Any CPU.ActiveCfg = Release|iPhone
		{2BB3D8D8-B9A6-4138-A05E-B4ACEB419181}.Release|Any CPU.Build.0 = Release|iPhone
		{44CF6D27-E6AD-4E06-A249-5680FC548090}.Debug|iPhoneSimulator.ActiveCfg = Debug|Any CPU
		{44CF6D27-E6AD-4E06-A249-5680FC548090}.Debug|iPhoneSimulator.Build.0 = Debug|Any CPU
		{44CF6D27-E6AD-4E06-A249-5680FC548090}.Release|iPhone.ActiveCfg = Release|Any CPU
		{44CF6D27-E6AD-4E06-A249-5680FC548090}.Release|iPhone.Build.0 = Release|Any CPU
		{44CF6D27-E6AD-4E06-A249-5680FC548090}.Release|iPhoneSimulator.ActiveCfg = Release|Any CPU
		{44CF6D27-E6AD-4E06-A249-5680FC548090}.Release|iPhoneSimulator.Build.0 = Release|Any CPU
		{44CF6D27-E6AD-4E06-A249-5680FC548090}.Debug|iPhone.ActiveCfg = Debug|Any CPU
		{44CF6D27-E6AD-4E06-A249-5680FC548090}.Debug|iPhone.Build.0 = Debug|Any CPU
		{44CF6D27-E6AD-4E06-A249-5680FC548090}.Debug|Any CPU.ActiveCfg = Debug|Any CPU
		{44CF6D27-E6AD-4E06-A249-5680FC548090}.Debug|Any CPU.Build.0 = Debug|Any CPU
		{44CF6D27-E6AD-4E06-A249-5680FC548090}.Release|Any CPU.ActiveCfg = Release|Any CPU
		{44CF6D27-E6AD-4E06-A249-5680FC548090}.Release|Any CPU.Build.0 = Release|Any CPU
		{1D54C95B-9873-484E-B558-4100F9234FA9}.Debug|iPhoneSimulator.ActiveCfg = Debug|Any CPU
		{1D54C95B-9873-484E-B558-4100F9234FA9}.Debug|iPhoneSimulator.Build.0 = Debug|Any CPU
		{1D54C95B-9873-484E-B558-4100F9234FA9}.Release|iPhone.ActiveCfg = Release|Any CPU
		{1D54C95B-9873-484E-B558-4100F9234FA9}.Release|iPhone.Build.0 = Release|Any CPU
		{1D54C95B-9873-484E-B558-4100F9234FA9}.Release|iPhoneSimulator.ActiveCfg = Release|Any CPU
		{1D54C95B-9873-484E-B558-4100F9234FA9}.Release|iPhoneSimulator.Build.0 = Release|Any CPU
		{1D54C95B-9873-484E-B558-4100F9234FA9}.Debug|iPhone.ActiveCfg = Debug|Any CPU
		{1D54C95B-9873-484E-B558-4100F9234FA9}.Debug|iPhone.Build.0 = Debug|Any CPU
		{1D54C95B-9873-484E-B558-4100F9234FA9}.Debug|Any CPU.ActiveCfg = Debug|Any CPU
		{1D54C95B-9873-484E-B558-4100F9234FA9}.Debug|Any CPU.Build.0 = Debug|Any CPU
		{1D54C95B-9873-484E-B558-4100F9234FA9}.Release|Any CPU.ActiveCfg = Release|Any CPU
		{1D54C95B-9873-484E-B558-4100F9234FA9}.Release|Any CPU.Build.0 = Release|Any CPU
	EndGlobalSection
EndGlobal
